
Microsoft Visual Studio Solution File, Format Version 12.00
# Visual Studio Version 16
VisualStudioVersion = 16.0.29403.142
MinimumVisualStudioVersion = 10.0.40219.1
Project("{FAE04EC0-301F-11D3-BF4B-00C04F79EFBC}") = "RelativityProject", "RelativityProject\RelativityProject.csproj", "{57E1BB90-0166-4114-9487-E3EFC24E5807}"
EndProject
Global
	GlobalSection(SolutionConfigurationPlatforms) = preSolution
		Debug|Any CPU = Debug|Any CPU
		Release|Any CPU = Release|Any CPU
	EndGlobalSection
	GlobalSection(ProjectConfigurationPlatforms) = postSolution
		{57E1BB90-0166-4114-9487-E3EFC24E5807}.Debug|Any CPU.ActiveCfg = Debug|Any CPU
		{57E1BB90-0166-4114-9487-E3EFC24E5807}.Debug|Any CPU.Build.0 = Debug|Any CPU
		{57E1BB90-0166-4114-9487-E3EFC24E5807}.Release|Any CPU.ActiveCfg = Release|Any CPU
		{57E1BB90-0166-4114-9487-E3EFC24E5807}.Release|Any CPU.Build.0 = Release|Any CPU
	EndGlobalSection
	GlobalSection(SolutionProperties) = preSolution
		HideSolutionNode = FALSE
	EndGlobalSection
	GlobalSection(ExtensibilityGlobals) = postSolution
		SolutionGuid = {8C253937-B58A-412D-A838-B9EC5BB1C600}
	EndGlobalSection
EndGlobal
